
Microsoft Visual Studio Solution File, Format Version 12.00
Project("{FAE04EC0-301F-11D3-BF4B-00C04F79EFBC}") = "SOLID", "SOLID\SOLID.csproj", "{4D2ABE70-0E60-4B06-AEC2-3E1D5528D3CF}"
EndProject
Project("{FAE04EC0-301F-11D3-BF4B-00C04F79EFBC}") = "Dependency_Inversion", "Dependency_Inversion\Dependency_Inversion.csproj", "{A561366C-2CB2-436F-ABC4-6E3AEB8AD69E}"
EndProject
Global
	GlobalSection(SolutionConfigurationPlatforms) = preSolution
		Debug|Any CPU = Debug|Any CPU
		Release|Any CPU = Release|Any CPU
	EndGlobalSection
	GlobalSection(ProjectConfigurationPlatforms) = postSolution
		{4D2ABE70-0E60-4B06-AEC2-3E1D5528D3CF}.Debug|Any CPU.ActiveCfg = Debug|Any CPU
		{4D2ABE70-0E60-4B06-AEC2-3E1D5528D3CF}.Debug|Any CPU.Build.0 = Debug|Any CPU
		{4D2ABE70-0E60-4B06-AEC2-3E1D5528D3CF}.Release|Any CPU.ActiveCfg = Release|Any CPU
		{4D2ABE70-0E60-4B06-AEC2-3E1D5528D3CF}.Release|Any CPU.Build.0 = Release|Any CPU
		{A561366C-2CB2-436F-ABC4-6E3AEB8AD69E}.Debug|Any CPU.ActiveCfg = Debug|Any CPU
		{A561366C-2CB2-436F-ABC4-6E3AEB8AD69E}.Debug|Any CPU.Build.0 = Debug|Any CPU
		{A561366C-2CB2-436F-ABC4-6E3AEB8AD69E}.Release|Any CPU.ActiveCfg = Release|Any CPU
		{A561366C-2CB2-436F-ABC4-6E3AEB8AD69E}.Release|Any CPU.Build.0 = Release|Any CPU
	EndGlobalSection
EndGlobal
